{
  "name": "smev3-soap",
  "version": "1.0.0",
  "lockfileVersion": 2,
  "requires": true,
  "packages": {
    "": {
      "name": "smev3-soap",
      "version": "1.0.0",
      "license": "MIT",
      "dependencies": {
        "xml-toolkit": "^1.0.31"
      }
    },
    "node_modules/string-escape-map": {
      "version": "1.0.0",
      "resolved": "https://registry.npmjs.org/string-escape-map/-/string-escape-map-1.0.0.tgz",
      "integrity": "sha512-Z4aD9U0jQ0Bl2t6Heezy+2buy5aXQ4Ph4t9gUqfy2Fgqxdye/OvXN6/Ox1hMRa3uZ7lVKB5IjqrF/bOl0uQS1A=="
    },
    "node_modules/xml-toolkit": {
      "version": "1.0.31",
      "resolved": "https://registry.npmjs.org/xml-toolkit/-/xml-toolkit-1.0.31.tgz",
      "integrity": "sha512-3U+WoY7ZC5d5VGvrQnipnCEy3N1la90NSr2OqddCh2UCezidek9NEI5NARgPQkH82PUIxgWcKDXrm0EAaOzLMA==",
      "dependencies": {
        "string-escape-map": "^1.0.0"
      }
    }
  },
  "dependencies": {
    "string-escape-map": {
      "version": "1.0.0",
      "resolved": "https://registry.npmjs.org/string-escape-map/-/string-escape-map-1.0.0.tgz",
      "integrity": "sha512-Z4aD9U0jQ0Bl2t6Heezy+2buy5aXQ4Ph4t9gUqfy2Fgqxdye/OvXN6/Ox1hMRa3uZ7lVKB5IjqrF/bOl0uQS1A=="
    },
    "xml-toolkit": {
      "version": "1.0.31",
      "resolved": "https://registry.npmjs.org/xml-toolkit/-/xml-toolkit-1.0.31.tgz",
      "integrity": "sha512-3U+WoY7ZC5d5VGvrQnipnCEy3N1la90NSr2OqddCh2UCezidek9NEI5NARgPQkH82PUIxgWcKDXrm0EAaOzLMA==",
      "requires": {
        "string-escape-map": "^1.0.0"
      }
    }
  }
}
